// !$*UTF8*$!
{
	archiveVersion = 1;
	classes = {
	};
	objectVersion = 51;
	objects = {

/* Begin PBXBuildFile section */
		32212C2324365E22008988C0 /* AppDelegate.swift in Sources */ = {isa = PBXBuildFile; fileRef = 32212C2224365E22008988C0 /* AppDelegate.swift */; };
		32212C2524365E22008988C0 /* SceneDelegate.swift in Sources */ = {isa = PBXBuildFile; fileRef = 32212C2424365E22008988C0 /* SceneDelegate.swift */; };
		32212C2724365E22008988C0 /* ViewController.swift in Sources */ = {isa = PBXBuildFile; fileRef = 32212C2624365E22008988C0 /* ViewController.swift */; };
		32212C2A24365E22008988C0 /* Main.storyboard in Resources */ = {isa = PBXBuildFile; fileRef = 32212C2824365E22008988C0 /* Main.storyboard */; };
		32212C2C24365E25008988C0 /* Assets.xcassets in Resources */ = {isa = PBXBuildFile; fileRef = 32212C2B24365E25008988C0 /* Assets.xcassets */; };
		32212C2F24365E25008988C0 /* LaunchScreen.storyboard in Resources */ = {isa = PBXBuildFile; fileRef = 32212C2D24365E25008988C0 /* LaunchScreen.storyboard */; };
		3250F8B62436C8D0001030CA /* StudentsViewController.swift in Sources */ = {isa = PBXBuildFile; fileRef = 3250F8B52436C8D0001030CA /* StudentsViewController.swift */; };
		3250F8B92436CC48001030CA /* StudentTableViewCell.swift in Sources */ = {isa = PBXBuildFile; fileRef = 3250F8B72436CC48001030CA /* StudentTableViewCell.swift */; };
		3250F8BA2436CC48001030CA /* StudentTableViewCell.xib in Resources */ = {isa = PBXBuildFile; fileRef = 3250F8B82436CC48001030CA /* StudentTableViewCell.xib */; };
		3250F8BD2436DCEE001030CA /* SpecialStudentTableViewCell.swift in Sources */ = {isa = PBXBuildFile; fileRef = 3250F8BB2436DCEE001030CA /* SpecialStudentTableViewCell.swift */; };
		3250F8BE2436DCEE001030CA /* SpecialStudentTableViewCell.xib in Resources */ = {isa = PBXBuildFile; fileRef = 3250F8BC2436DCEE001030CA /* SpecialStudentTableViewCell.xib */; };
		32893737243664CE0042793B /* StudentModel.swift in Sources */ = {isa = PBXBuildFile; fileRef = 32893736243664CE0042793B /* StudentModel.swift */; };
		F11DD544EEC0311AD7C72253 /* Pods_RxCocoaGettinStart.framework in Frameworks */ = {isa = PBXBuildFile; fileRef = 2E4A01834EC66C24596B44C3 /* Pods_RxCocoaGettinStart.framework */; };
/* End PBXBuildFile section */

/* Begin PBXFileReference section */
		2A78D39587963E48B2DDF158 /* Pods-RxCocoaGettinStart.release.xcconfig */ = {isa = PBXFileReference; includeInIndex = 1; lastKnownFileType = text.xcconfig; name = "Pods-RxCocoaGettinStart.release.xcconfig"; path = "Target Support Files/Pods-RxCocoaGettinStart/Pods-RxCocoaGettinStart.release.xcconfig"; sourceTree = "<group>"; };
		2E4A01834EC66C24596B44C3 /* Pods_RxCocoaGettinStart.framework */ = {isa = PBXFileReference; explicitFileType = wrapper.framework; includeInIndex = 0; path = Pods_RxCocoaGettinStart.framework; sourceTree = BUILT_PRODUCTS_DIR; };
		32212C1F24365E22008988C0 /* RxCocoaGettinStart.app */ = {isa = PBXFileReference; explicitFileType = wrapper.application; includeInIndex = 0; path = RxCocoaGettinStart.app; sourceTree = BUILT_PRODUCTS_DIR; };
		32212C2224365E22008988C0 /* AppDelegate.swift */ = {isa = PBXFileReference; lastKnownFileType = sourcecode.swift; path = AppDelegate.swift; sourceTree = "<group>"; };
		32212C2424365E22008988C0 /* SceneDelegate.swift */ = {isa = PBXFileReference; lastKnownFileType = sourcecode.swift; path = SceneDelegate.swift; sourceTree = "<group>"; };
		32212C2624365E22008988C0 /* ViewController.swift */ = {isa = PBXFileReference; lastKnownFileType = sourcecode.swift; path = ViewController.swift; sourceTree = "<group>"; };
		32212C2924365E22008988C0 /* Base */ = {isa = PBXFileReference; lastKnownFileType = file.storyboard; name = Base; path = Base.lproj/Main.storyboard; sourceTree = "<group>"; };
		32212C2B24365E25008988C0 /* Assets.xcassets */ = {isa = PBXFileReference; lastKnownFileType = folder.assetcatalog; path = Assets.xcassets; sourceTree = "<group>"; };
		32212C2E24365E25008988C0 /* Base */ = {isa = PBXFileReference; lastKnownFileType = file.storyboard; name = Base; path = Base.lproj/LaunchScreen.storyboard; sourceTree = "<group>"; };
		32212C3024365E25008988C0 /* Info.plist */ = {isa = PBXFileReference; lastKnownFileType = text.plist.xml; path = Info.plist; sourceTree = "<group>"; };
		3250F8B52436C8D0001030CA /* StudentsViewController.swift */ = {isa = PBXFileReference; lastKnownFileType = sourcecode.swift; path = StudentsViewController.swift; sourceTree = "<group>"; };
		3250F8B72436CC48001030CA /* StudentTableViewCell.swift */ = {isa = PBXFileReference; lastKnownFileType = sourcecode.swift; path = StudentTableViewCell.swift; sourceTree = "<group>"; };
		3250F8B82436CC48001030CA /* StudentTableViewCell.xib */ = {isa = PBXFileReference; lastKnownFileType = file.xib; path = StudentTableViewCell.xib; sourceTree = "<group>"; };
		3250F8BB2436DCEE001030CA /* SpecialStudentTableViewCell.swift */ = {isa = PBXFileReference; lastKnownFileType = sourcecode.swift; path = SpecialStudentTableViewCell.swift; sourceTree = "<group>"; };
		3250F8BC2436DCEE001030CA /* SpecialStudentTableViewCell.xib */ = {isa = PBXFileReference; lastKnownFileType = file.xib; path = SpecialStudentTableViewCell.xib; sourceTree = "<group>"; };
		32893736243664CE0042793B /* StudentModel.swift */ = {isa = PBXFileReference; lastKnownFileType = sourcecode.swift; path = StudentModel.swift; sourceTree = "<group>"; };
		7FE356A24E1A31B7066E10C4 /* Pods-RxCocoaGettinStart.debug.xcconfig */ = {isa = PBXFileReference; includeInIndex = 1; lastKnownFileType = text.xcconfig; name = "Pods-RxCocoaGettinStart.debug.xcconfig"; path = "Target Support Files/Pods-RxCocoaGettinStart/Pods-RxCocoaGettinStart.debug.xcconfig"; sourceTree = "<group>"; };
/* End PBXFileReference section */

/* Begin PBXFrameworksBuildPhase section */
		32212C1C24365E22008988C0 /* Frameworks */ = {
			isa = PBXFrameworksBuildPhase;
			buildActionMask = 2147483647;
			files = (
				F11DD544EEC0311AD7C72253 /* Pods_RxCocoaGettinStart.framework in Frameworks */,
			);
			runOnlyForDeploymentPostprocessing = 0;
		};
/* End PBXFrameworksBuildPhase section */

/* Begin PBXGroup section */
		32212C1624365E22008988C0 = {
			isa = PBXGroup;
			children = (
				32212C2124365E22008988C0 /* RxCocoaGettinStart */,
				32212C2024365E22008988C0 /* Products */,
				C43F724FCB1252A9B21D0915 /* Pods */,
				393B2F1B476874C9A1403575 /* Frameworks */,
			);
			sourceTree = "<group>";
		};
		32212C2024365E22008988C0 /* Products */ = {
			isa = PBXGroup;
			children = (
				32212C1F24365E22008988C0 /* RxCocoaGettinStart.app */,
			);
			name = Products;
			sourceTree = "<group>";
		};
		32212C2124365E22008988C0 /* RxCocoaGettinStart */ = {
			isa = PBXGroup;
			children = (
				32212C2224365E22008988C0 /* AppDelegate.swift */,
				32212C2424365E22008988C0 /* SceneDelegate.swift */,
				32212C2624365E22008988C0 /* ViewController.swift */,
				32212C2824365E22008988C0 /* Main.storyboard */,
				32212C2B24365E25008988C0 /* Assets.xcassets */,
				32212C2D24365E25008988C0 /* LaunchScreen.storyboard */,
				32212C3024365E25008988C0 /* Info.plist */,
				32893736243664CE0042793B /* StudentModel.swift */,
				3250F8B52436C8D0001030CA /* StudentsViewController.swift */,
				3250F8B72436CC48001030CA /* StudentTableViewCell.swift */,
				3250F8B82436CC48001030CA /* StudentTableViewCell.xib */,
				3250F8BB2436DCEE001030CA /* SpecialStudentTableViewCell.swift */,
				3250F8BC2436DCEE001030CA /* SpecialStudentTableViewCell.xib */,
			);
			path = RxCocoaGettinStart;
			sourceTree = "<group>";
		};
		393B2F1B476874C9A1403575 /* Frameworks */ = {
			isa = PBXGroup;
			children = (
				2E4A01834EC66C24596B44C3 /* Pods_RxCocoaGettinStart.framework */,
			);
			name = Frameworks;
			sourceTree = "<group>";
		};
		C43F724FCB1252A9B21D0915 /* Pods */ = {
			isa = PBXGroup;
			children = (
				7FE356A24E1A31B7066E10C4 /* Pods-RxCocoaGettinStart.debug.xcconfig */,
				2A78D39587963E48B2DDF158 /* Pods-RxCocoaGettinStart.release.xcconfig */,
			);
			path = Pods;
			sourceTree = "<group>";
		};
/* End PBXGroup section */

/* Begin PBXNativeTarget section */
		32212C1E24365E22008988C0 /* RxCocoaGettinStart */ = {
			isa = PBXNativeTarget;
			buildConfigurationList = 32212C3324365E25008988C0 /* Build configuration list for PBXNativeTarget "RxCocoaGettinStart" */;
			buildPhases = (
				9C6047F8CB11CA007A704861 /* [CP] Check Pods Manifest.lock */,
				32212C1B24365E22008988C0 /* Sources */,
				32212C1C24365E22008988C0 /* Frameworks */,
				32212C1D24365E22008988C0 /* Resources */,
				47017A5009CB1A517F1C5443 /* [CP] Embed Pods Frameworks */,
			);
			buildRules = (
			);
			dependencies = (
			);
			name = RxCocoaGettinStart;
			productName = RxCocoaGettinStart;
			productReference = 32212C1F24365E22008988C0 /* RxCocoaGettinStart.app */;
			productType = "com.apple.product-type.application";
		};
/* End PBXNativeTarget section */

/* Begin PBXProject section */
		32212C1724365E22008988C0 /* Project object */ = {
			isa = PBXProject;
			attributes = {
				LastSwiftUpdateCheck = 1140;
				LastUpgradeCheck = 1140;
				ORGANIZATIONNAME = "Felipe Petersen";
				TargetAttributes = {
					32212C1E24365E22008988C0 = {
						CreatedOnToolsVersion = 11.4;
					};
				};
			};
			buildConfigurationList = 32212C1A24365E22008988C0 /* Build configuration list for PBXProject "RxCocoaGettinStart" */;
			compatibilityVersion = "Xcode 9.3";
			developmentRegion = en;
			hasScannedForEncodings = 0;
			knownRegions = (
				en,
				Base,
			);
			mainGroup = 32212C1624365E22008988C0;
			productRefGroup = 32212C2024365E22008988C0 /* Products */;
			projectDirPath = "";
			projectRoot = "";
			targets = (
				32212C1E24365E22008988C0 /* RxCocoaGettinStart */,
			);
		};
/* End PBXProject section */

/* Begin PBXResourcesBuildPhase section */
		32212C1D24365E22008988C0 /* Resources */ = {
			isa = PBXResourcesBuildPhase;
			buildActionMask = 2147483647;
			files = (
				3250F8BE2436DCEE001030CA /* SpecialStudentTableViewCell.xib in Resources */,
				32212C2F24365E25008988C0 /* LaunchScreen.storyboard in Resources */,
				32212C2C24365E25008988C0 /* Assets.xcassets in Resources */,
				32212C2A24365E22008988C0 /* Main.storyboard in Resources */,
				3250F8BA2436CC48001030CA /* StudentTableViewCell.xib in Resources */,
			);
			runOnlyForDeploymentPostprocessing = 0;
		};
/* End PBXResourcesBuildPhase section */

/* Begin PBXShellScriptBuildPhase section */
		47017A5009CB1A517F1C5443 /* [CP] Embed Pods Frameworks */ = {
			isa = PBXShellScriptBuildPhase;
			buildActionMask = 2147483647;
			files = (
			);
			inputFileListPaths = (
				"${PODS_ROOT}/Target Support Files/Pods-RxCocoaGettinStart/Pods-RxCocoaGettinStart-frameworks-${CONFIGURATION}-input-files.xcfilelist",
			);
			name = "[CP] Embed Pods Frameworks";
			outputFileListPaths = (
				"${PODS_ROOT}/Target Support Files/Pods-RxCocoaGettinStart/Pods-RxCocoaGettinStart-frameworks-${CONFIGURATION}-output-files.xcfilelist",
			);
			runOnlyForDeploymentPostprocessing = 0;
			shellPath = /bin/sh;
			shellScript = "\"${PODS_ROOT}/Target Support Files/Pods-RxCocoaGettinStart/Pods-RxCocoaGettinStart-frameworks.sh\"\n";
			showEnvVarsInLog = 0;
		};
		9C6047F8CB11CA007A704861 /* [CP] Check Pods Manifest.lock */ = {
			isa = PBXShellScriptBuildPhase;
			buildActionMask = 2147483647;
			files = (
			);
			inputFileListPaths = (
			);
			inputPaths = (
				"${PODS_PODFILE_DIR_PATH}/Podfile.lock",
				"${PODS_ROOT}/Manifest.lock",
			);
			name = "[CP] Check Pods Manifest.lock";
			outputFileListPaths = (
			);
			outputPaths = (
				"$(DERIVED_FILE_DIR)/Pods-RxCocoaGettinStart-checkManifestLockResult.txt",
			);
			runOnlyForDeploymentPostprocessing = 0;
			shellPath = /bin/sh;
			shellScript = "diff \"${PODS_PODFILE_DIR_PATH}/Podfile.lock\" \"${PODS_ROOT}/Manifest.lock\" > /dev/null\nif [ $? != 0 ] ; then\n    # print error to STDERR\n    echo \"error: The sandbox is not in sync with the Podfile.lock. Run 'pod install' or update your CocoaPods installation.\" >&2\n    exit 1\nfi\n# This output is used by Xcode 'outputs' to avoid re-running this script phase.\necho \"SUCCESS\" > \"${SCRIPT_OUTPUT_FILE_0}\"\n";
			showEnvVarsInLog = 0;
		};
/* End PBXShellScriptBuildPhase section */

/* Begin PBXSourcesBuildPhase section */
		32212C1B24365E22008988C0 /* Sources */ = {
			isa = PBXSourcesBuildPhase;
			buildActionMask = 2147483647;
			files = (
				32212C2724365E22008988C0 /* ViewController.swift in Sources */,
				32893737243664CE0042793B /* StudentModel.swift in Sources */,
				3250F8BD2436DCEE001030CA /* SpecialStudentTableViewCell.swift in Sources */,
				32212C2324365E22008988C0 /* AppDelegate.swift in Sources */,
				3250F8B62436C8D0001030CA /* StudentsViewController.swift in Sources */,
				32212C2524365E22008988C0 /* SceneDelegate.swift in Sources */,
				3250F8B92436CC48001030CA /* StudentTableViewCell.swift in Sources */,
			);
			runOnlyForDeploymentPostprocessing = 0;
		};
/* End PBXSourcesBuildPhase section */

/* Begin PBXVariantGroup section */
		32212C2824365E22008988C0 /* Main.storyboard */ = {
			isa = PBXVariantGroup;
			children = (
				32212C2924365E22008988C0 /* Base */,
			);
			name = Main.storyboard;
			sourceTree = "<group>";
		};
		32212C2D24365E25008988C0 /* LaunchScreen.storyboard */ = {
			isa = PBXVariantGroup;
			children = (
				32212C2E24365E25008988C0 /* Base */,
			);
			name = LaunchScreen.storyboard;
			sourceTree = "<group>";
		};
/* End PBXVariantGroup section */

/* Begin XCBuildConfiguration section */
		32212C3124365E25008988C0 /* Debug */ = {
			isa = XCBuildConfiguration;
			buildSettings = {
				ALWAYS_SEARCH_USER_PATHS = NO;
				CLANG_ANALYZER_NONNULL = YES;
				CLANG_ANALYZER_NUMBER_OBJECT_CONVERSION = YES_AGGRESSIVE;
				CLANG_CXX_LANGUAGE_STANDARD = "gnu++14";
				CLANG_CXX_LIBRARY = "libc++";
				CLANG_ENABLE_MODULES = YES;
				CLANG_ENABLE_OBJC_ARC = YES;
				CLANG_ENABLE_OBJC_WEAK = YES;
				CLANG_WARN_BLOCK_CAPTURE_AUTORELEASING = YES;
				CLANG_WARN_BOOL_CONVERSION = YES;
				CLANG_WARN_COMMA = YES;
				CLANG_WARN_CONSTANT_CONVERSION = YES;
				CLANG_WARN_DEPRECATED_OBJC_IMPLEMENTATIONS = YES;
				CLANG_WARN_DIRECT_OBJC_ISA_USAGE = YES_ERROR;
				CLANG_WARN_DOCUMENTATION_COMMENTS = YES;
				CLANG_WARN_EMPTY_BODY = YES;
				CLANG_WARN_ENUM_CONVERSION = YES;
				CLANG_WARN_INFINITE_RECURSION = YES;
				CLANG_WARN_INT_CONVERSION = YES;
				CLANG_WARN_NON_LITERAL_NULL_CONVERSION = YES;
				CLANG_WARN_OBJC_IMPLICIT_RETAIN_SELF = YES;
				CLANG_WARN_OBJC_LITERAL_CONVERSION = YES;
				CLANG_WARN_OBJC_ROOT_CLASS = YES_ERROR;
				CLANG_WARN_RANGE_LOOP_ANALYSIS = YES;
				CLANG_WARN_STRICT_PROTOTYPES = YES;
				CLANG_WARN_SUSPICIOUS_MOVE = YES;
				CLANG_WARN_UNGUARDED_AVAILABILITY = YES_AGGRESSIVE;
				CLANG_WARN_UNREACHABLE_CODE = YES;
				CLANG_WARN__DUPLICATE_METHOD_MATCH = YES;
				COPY_PHASE_STRIP = NO;
				DEBUG_INFORMATION_FORMAT = dwarf;
				ENABLE_STRICT_OBJC_MSGSEND = YES;
				ENABLE_TESTABILITY = YES;
				GCC_C_LANGUAGE_STANDARD = gnu11;
				GCC_DYNAMIC_NO_PIC = NO;
				GCC_NO_COMMON_BLOCKS = YES;
				GCC_OPTIMIZATION_LEVEL = 0;
				GCC_PREPROCESSOR_DEFINITIONS = (
					"DEBUG=1",
					"$(inherited)",
				);
				GCC_WARN_64_TO_32_BIT_CONVERSION = YES;
				GCC_WARN_ABOUT_RETURN_TYPE = YES_ERROR;
				GCC_WARN_UNDECLARED_SELECTOR = YES;
				GCC_WARN_UNINITIALIZED_AUTOS = YES_AGGRESSIVE;
				GCC_WARN_UNUSED_FUNCTION = YES;
				GCC_WARN_UNUSED_VARIABLE = YES;
				IPHONEOS_DEPLOYMENT_TARGET = 13.4;
				MTL_ENABLE_DEBUG_INFO = INCLUDE_SOURCE;
				MTL_FAST_MATH = YES;
				ONLY_ACTIVE_ARCH = YES;
				SDKROOT = iphoneos;
				SWIFT_ACTIVE_COMPILATION_CONDITIONS = DEBUG;
				SWIFT_OPTIMIZATION_LEVEL = "-Onone";
			};
			name = Debug;
		};
		32212C3224365E25008988C0 /* Release */ = {
			isa = XCBuildConfiguration;
			buildSettings = {
				ALWAYS_SEARCH_USER_PATHS = NO;
				CLANG_ANALYZER_NONNULL = YES;
				CLANG_ANALYZER_NUMBER_OBJECT_CONVERSION = YES_AGGRESSIVE;
				CLANG_CXX_LANGUAGE_STANDARD = "gnu++14";
				CLANG_CXX_LIBRARY = "libc++";
				CLANG_ENABLE_MODULES = YES;
				CLANG_ENABLE_OBJC_ARC = YES;
				CLANG_ENABLE_OBJC_WEAK = YES;
				CLANG_WARN_BLOCK_CAPTURE_AUTORELEASING = YES;
				CLANG_WARN_BOOL_CONVERSION = YES;
				CLANG_WARN_COMMA = YES;
				CLANG_WARN_CONSTANT_CONVERSION = YES;
				CLANG_WARN_DEPRECATED_OBJC_IMPLEMENTATIONS = YES;
				CLANG_WARN_DIRECT_OBJC_ISA_USAGE = YES_ERROR;
				CLANG_WARN_DOCUMENTATION_COMMENTS = YES;
				CLANG_WARN_EMPTY_BODY = YES;
				CLANG_WARN_ENUM_CONVERSION = YES;
				CLANG_WARN_INFINITE_RECURSION = YES;
				CLANG_WARN_INT_CONVERSION = YES;
				CLANG_WARN_NON_LITERAL_NULL_CONVERSION = YES;
				CLANG_WARN_OBJC_IMPLICIT_RETAIN_SELF = YES;
				CLANG_WARN_OBJC_LITERAL_CONVERSION = YES;
				CLANG_WARN_OBJC_ROOT_CLASS = YES_ERROR;
				CLANG_WARN_RANGE_LOOP_ANALYSIS = YES;
				CLANG_WARN_STRICT_PROTOTYPES = YES;
				CLANG_WARN_SUSPICIOUS_MOVE = YES;
				CLANG_WARN_UNGUARDED_AVAILABILITY = YES_AGGRESSIVE;
				CLANG_WARN_UNREACHABLE_CODE = YES;
				CLANG_WARN__DUPLICATE_METHOD_MATCH = YES;
				COPY_PHASE_STRIP = NO;
				DEBUG_INFORMATION_FORMAT = "dwarf-with-dsym";
				ENABLE_NS_ASSERTIONS = NO;
				ENABLE_STRICT_OBJC_MSGSEND = YES;
				GCC_C_LANGUAGE_STANDARD = gnu11;
				GCC_NO_COMMON_BLOCKS = YES;
				GCC_WARN_64_TO_32_BIT_CONVERSION = YES;
				GCC_WARN_ABOUT_RETURN_TYPE = YES_ERROR;
				GCC_WARN_UNDECLARED_SELECTOR = YES;
				GCC_WARN_UNINITIALIZED_AUTOS = YES_AGGRESSIVE;
				GCC_WARN_UNUSED_FUNCTION = YES;
				GCC_WARN_UNUSED_VARIABLE = YES;
				IPHONEOS_DEPLOYMENT_TARGET = 13.4;
				MTL_ENABLE_DEBUG_INFO = NO;
				MTL_FAST_MATH = YES;
				SDKROOT = iphoneos;
				SWIFT_COMPILATION_MODE = wholemodule;
				SWIFT_OPTIMIZATION_LEVEL = "-O";
				VALIDATE_PRODUCT = YES;
			};
			name = Release;
		};
		32212C3424365E25008988C0 /* Debug */ = {
			isa = XCBuildConfiguration;
			baseConfigurationReference = 7FE356A24E1A31B7066E10C4 /* Pods-RxCocoaGettinStart.debug.xcconfig */;
			buildSettings = {
				ASSETCATALOG_COMPILER_APPICON_NAME = AppIcon;
				CODE_SIGN_STYLE = Automatic;
				DEVELOPMENT_TEAM = DHAN829484;
				INFOPLIST_FILE = RxCocoaGettinStart/Info.plist;
				LD_RUNPATH_SEARCH_PATHS = (
					"$(inherited)",
					"@executable_path/Frameworks",
				);
				PRODUCT_BUNDLE_IDENTIFIER = com.fepetersen.RxCocoaGettinStart;
				PRODUCT_NAME = "$(TARGET_NAME)";
				SWIFT_VERSION = 5.0;
				TARGETED_DEVICE_FAMILY = "1,2";
			};
			name = Debug;
		};
		32212C3524365E25008988C0 /* Release */ = {
			isa = XCBuildConfiguration;
			baseConfigurationReference = 2A78D39587963E48B2DDF158 /* Pods-RxCocoaGettinStart.release.xcconfig */;
			buildSettings = {
				ASSETCATALOG_COMPILER_APPICON_NAME = AppIcon;
				CODE_SIGN_STYLE = Automatic;
				DEVELOPMENT_TEAM = DHAN829484;
				INFOPLIST_FILE = RxCocoaGettinStart/Info.plist;
				LD_RUNPATH_SEARCH_PATHS = (
					"$(inherited)",
					"@executable_path/Frameworks",
				);
				PRODUCT_BUNDLE_IDENTIFIER = com.fepetersen.RxCocoaGettinStart;
				PRODUCT_NAME = "$(TARGET_NAME)";
				SWIFT_VERSION = 5.0;
				TARGETED_DEVICE_FAMILY = "1,2";
			};
			name = Release;
		};
/* End XCBuildConfiguration section */

/* Begin XCConfigurationList section */
		32212C1A24365E22008988C0 /* Build configuration list for PBXProject "RxCocoaGettinStart" */ = {
			isa = XCConfigurationList;
			buildConfigurations = (
				32212C3124365E25008988C0 /* Debug */,
				32212C3224365E25008988C0 /* Release */,
			);
			defaultConfigurationIsVisible = 0;
			defaultConfigurationName = Release;
		};
		32212C3324365E25008988C0 /* Build configuration list for PBXNativeTarget "RxCocoaGettinStart" */ = {
			isa = XCConfigurationList;
			buildConfigurations = (
				32212C3424365E25008988C0 /* Debug */,
				32212C3524365E25008988C0 /* Release */,
			);
			defaultConfigurationIsVisible = 0;
			defaultConfigurationName = Release;
		};
/* End XCConfigurationList section */
	};
	rootObject = 32212C1724365E22008988C0 /* Project object */;
}
